{
  "nodes": {
    "home-manager": {
      "inputs": {
        "nixpkgs": [
          "nixpkgs"
        ]
      },
      "locked": {
        "lastModified": 1745894335,
        "narHash": "sha256-m47zhftaod/oHOwoVT25jstdcVLhkrVGyvEHKjbnFHI=",
        "owner": "nix-community",
        "repo": "home-manager",
        "rev": "1ad123239957d40e11ef66c203d0a7e272eb48aa",
        "type": "github"
      },
      "original": {
        "owner": "nix-community",
        "ref": "master",
        "repo": "home-manager",
        "type": "github"
      }
    },
    "nixpkgs": {
      "locked": {
        "lastModified": 1745923447,
        "narHash": "sha256-CNcPHi1YpimJ6RE/6yEf+vYFb6sJkG2xrpalcFICcDw=",
        "owner": "NixOS",
        "repo": "nixpkgs",
        "rev": "7cd06772e3a757cf50ea4473ac993d8ed19dee2d",
        "type": "github"
      },
      "original": {
        "id": "nixpkgs",
        "ref": "master",
        "type": "indirect"
      }
    },
    "root": {
      "inputs": {
        "home-manager": "home-manager",
        "nixpkgs": "nixpkgs"
      }
    }
  },
  "root": "root",
  "version": 7
}
